# This file is @generated by PDM.
# It is not intended for manual editing.

[[package]]
name = "numpy"
version = "1.24.2"
requires_python = ">=3.8"
summary = "Fundamental package for array computing in Python"

[metadata]
lock_version = "4.1"
content_hash = "sha256:df3cff77e23dbd479f10002c322a840d20cd3979c38b264874c0dd9dd1a4c959"

[metadata.files]
"numpy 1.24.2" = [
    {url = "https://files.pythonhosted.org/packages/01/04/a8b0bb5ffd6b36cb9ff9b67ca6966d55c4a9fdb40ace81a2b33d1559c3b7/numpy-1.24.2-cp311-cp311-macosx_11_0_arm64.whl", hash = "sha256:4173bde9fa2a005c2c6e2ea8ac1618e2ed2c1c6ec8a7657237854d42094123a0"},
    {url = "https://files.pythonhosted.org/packages/17/57/82c3a9321f5dbcbdbe407476ea93dc4fabcadc819fd9baddf3511ddd5833/numpy-1.24.2-cp311-cp311-win_amd64.whl", hash = "sha256:557d42778a6869c2162deb40ad82612645e21d79e11c1dc62c6e82a2220ffb04"},
    {url = "https://files.pythonhosted.org/packages/1b/a7/9582b169194a05642fcd05026b2e55fa7539230bfc28de7e13f116b0cd0b/numpy-1.24.2-cp311-cp311-macosx_10_9_x86_64.whl", hash = "sha256:7de8fdde0003f4294655aa5d5f0a89c26b9f22c0a58790c38fae1ed392d44a5a"},
    {url = "https://files.pythonhosted.org/packages/28/e4/8acb46849784d2cefa383596299123d3f0330c627fa55c95bfd4a0ef5172/numpy-1.24.2-cp38-cp38-macosx_11_0_arm64.whl", hash = "sha256:c72a6b2f4af1adfe193f7beb91ddf708ff867a3f977ef2ec53c0ffb8283ab9f5"},
    {url = "https://files.pythonhosted.org/packages/34/dc/7470dde137734e311c5203d0a5854e03da12d7bef60784937efcbb1f8c08/numpy-1.24.2-cp310-cp310-manylinux_2_17_aarch64.manylinux2014_aarch64.whl", hash = "sha256:6524630f71631be2dabe0c541e7675db82651eb998496bbe16bc4f77f0772253"},
    {url = "https://files.pythonhosted.org/packages/38/77/b0afa98a670cb255f15155a856ef257a82aa0b72e435f5f58da31d9dc944/numpy-1.24.2-cp39-cp39-macosx_11_0_arm64.whl", hash = "sha256:adbdce121896fd3a17a77ab0b0b5eedf05a9834a18699db6829a64e1dfccca7f"},
    {url = "https://files.pythonhosted.org/packages/39/fd/217e9bf573f710827416e1e6f56a6355b90c2ce7fbf8b83d5729d5b2e0b6/numpy-1.24.2-cp310-cp310-macosx_10_9_x86_64.whl", hash = "sha256:eef70b4fc1e872ebddc38cddacc87c19a3709c0e3e5d20bf3954c147b1dd941d"},
    {url = "https://files.pythonhosted.org/packages/56/16/4a1ccd05d4f77f78f64cb9cb9f3121edeeebd23d9264b0dcb903889f9c1e/numpy-1.24.2-cp38-cp38-manylinux_2_17_aarch64.manylinux2014_aarch64.whl", hash = "sha256:c29e6bd0ec49a44d7690ecb623a8eac5ab8a923bce0bea6293953992edf3a76a"},
    {url = "https://files.pythonhosted.org/packages/8b/1a/34ba69424c19e4c3bd5d393d58ec5b8ff85711e77209a2d43563bf7fb178/numpy-1.24.2-cp311-cp311-manylinux_2_17_aarch64.manylinux2014_aarch64.whl", hash = "sha256:4cecaed30dc14123020f77b03601559fff3e6cd0c048f8b5289f4eeabb0eb281"},
    {url = "https://files.pythonhosted.org/packages/8e/32/2bd17fccc5decf3b904888f4f86b89e367a009273c665cbbbbfe515b43df/numpy-1.24.2-cp310-cp310-macosx_11_0_arm64.whl", hash = "sha256:e8d2859428712785e8a8b7d2b3ef0a1d1565892367b32f915c4a4df44d0e64f5"},
    {url = "https://files.pythonhosted.org/packages/96/d2/87a37d505439bb92dd516c882a701fcbcae0efd95d3f1900baef8d88de93/numpy-1.24.2-pp38-pypy38_pp73-manylinux_2_17_x86_64.manylinux2014_x86_64.whl", hash = "sha256:f9006288bcf4895917d02583cf3411f98631275bc67cce355a7f39f8c14338fa"},
    {url = "https://files.pythonhosted.org/packages/9c/ee/77768cade9607687fadbcc1dcbb82dba0554154b3aa641f9c17233ffabe8/numpy-1.24.2-cp38-cp38-manylinux_2_17_x86_64.manylinux2014_x86_64.whl", hash = "sha256:2eabd64ddb96a1239791da78fa5f4e1693ae2dadc82a76bc76a14cbb2b966e96"},
    {url = "https://files.pythonhosted.org/packages/9d/3b/13404993b5dec7403abcf9518569316b5d72d9a3081cd90aca130e6d8b00/numpy-1.24.2-cp39-cp39-win_amd64.whl", hash = "sha256:a77d3e1163a7770164404607b7ba3967fb49b24782a6ef85d9b5f54126cc39e5"},
    {url = "https://files.pythonhosted.org/packages/b5/f8/a775da630e8bacfd2650fea40ff82659dc8e7baa2f9e09e8e57fce2d1279/numpy-1.24.2-cp39-cp39-win32.whl", hash = "sha256:63e45511ee4d9d976637d11e6c9864eae50e12dc9598f531c035265991910468"},
    {url = "https://files.pythonhosted.org/packages/b6/d7/b208a4a534732e4a978003768ac7b8c14fcd4ca5b1653ce4fb4c2826f3a4/numpy-1.24.2-cp311-cp311-manylinux_2_17_x86_64.manylinux2014_x86_64.whl", hash = "sha256:9a23f8440561a633204a67fb44617ce2a299beecf3295f0d13c495518908e910"},
    {url = "https://files.pythonhosted.org/packages/ba/2b/404f675b848033b23d688e5bdc55ec1d62b62f5568dda7f80edb147b637e/numpy-1.24.2-cp39-cp39-manylinux_2_17_aarch64.manylinux2014_aarch64.whl", hash = "sha256:889b2cc88b837d86eda1b17008ebeb679d82875022200c6e8e4ce6cf549b7acb"},
    {url = "https://files.pythonhosted.org/packages/bf/8c/3d36cef521739bd481e9a5b30e5c0f9faf8b7fe7b904238368908a9d149d/numpy-1.24.2-cp38-cp38-win_amd64.whl", hash = "sha256:76807b4063f0002c8532cfeac47a3068a69561e9c8715efdad3c642eb27c0756"},
    {url = "https://files.pythonhosted.org/packages/c5/21/275cfa7731ee2e121b1bf85ddb21b8712fe2f409f02a8b61521af6e4993d/numpy-1.24.2-cp310-cp310-manylinux_2_17_x86_64.manylinux2014_x86_64.whl", hash = "sha256:a51725a815a6188c662fb66fb32077709a9ca38053f0274640293a14fdd22978"},
    {url = "https://files.pythonhosted.org/packages/c7/a9/8efd41b9fd69b791ccdc9075b5f82c2770b5bb6b2f7c04a18346fe8b805d/numpy-1.24.2-pp38-pypy38_pp73-win_amd64.whl", hash = "sha256:150947adbdfeceec4e5926d956a06865c1c690f2fd902efede4ca6fe2e657c3f"},
    {url = "https://files.pythonhosted.org/packages/c9/80/6b576acc5098d31c135ad7acd38045169bdb19bfbfdf554d914b13929823/numpy-1.24.2-cp38-cp38-win32.whl", hash = "sha256:e3ab5d32784e843fc0dd3ab6dcafc67ef806e6b6828dc6af2f689be0eb4d781d"},
    {url = "https://files.pythonhosted.org/packages/ca/e0/f719500114ec3d291718ddbb1bfc3d1db7f9adb17b5c69aa617fe95c17fc/numpy-1.24.2-cp39-cp39-macosx_10_9_x86_64.whl", hash = "sha256:4199e7cfc307a778f72d293372736223e39ec9ac096ff0a2e64853b866a8e18a"},
    {url = "https://files.pythonhosted.org/packages/e3/83/1d6e5de945573bf865f05fd92144b4c08c895e4b23fcd9c5ee4955185333/numpy-1.24.2-pp38-pypy38_pp73-macosx_10_9_x86_64.whl", hash = "sha256:92011118955724465fb6853def593cf397b4a1367495e0b59a7e69d40c4eb71d"},
    {url = "https://files.pythonhosted.org/packages/e4/a9/6704bb5e1d1d778d3a6ee1278a8d8134f0db160e09d52863a24edb58eab5/numpy-1.24.2.tar.gz", hash = "sha256:003a9f530e880cb2cd177cba1af7220b9aa42def9c4afc2a2fc3ee6be7eb2b22"},
    {url = "https://files.pythonhosted.org/packages/e7/3d/0c52834c6c8f9e35b71e7a7202ca35bec639984aaea60056c763ade26f67/numpy-1.24.2-cp310-cp310-win32.whl", hash = "sha256:2620e8592136e073bd12ee4536149380695fbe9ebeae845b81237f986479ffc9"},
    {url = "https://files.pythonhosted.org/packages/f4/f4/45e6e3f7a23b9023554903a122c95585e9787f9403d386bafb7a95d24c9b/numpy-1.24.2-cp39-cp39-manylinux_2_17_x86_64.manylinux2014_x86_64.whl", hash = "sha256:f64bb98ac59b3ea3bf74b02f13836eb2e24e48e0ab0145bbda646295769bd780"},
    {url = "https://files.pythonhosted.org/packages/fa/72/979b755c09696de035d835a78df94b079e3e51ea967efa0c800cff608847/numpy-1.24.2-cp311-cp311-win32.whl", hash = "sha256:e428c4fbfa085f947b536706a2fc349245d7baa8334f0c5723c56a10595f9b95"},
    {url = "https://files.pythonhosted.org/packages/fa/df/53e8c0c8ccecf360b827a3d2b1b6060644c635c3149a9d6415a6fe4ccf44/numpy-1.24.2-cp310-cp310-win_amd64.whl", hash = "sha256:97cf27e51fa078078c649a51d7ade3c92d9e709ba2bfb97493007103c741f1d0"},
    {url = "https://files.pythonhosted.org/packages/ff/98/7b71cabcce208f8c67398e812068524e473a143342583d55955cbb92b463/numpy-1.24.2-cp38-cp38-macosx_10_9_x86_64.whl", hash = "sha256:d0a2db9d20117bf523dde15858398e7c0858aadca7c0f088ac0d6edd360e9ad2"},
]
